{
  "platform": {
    "version": "0.9.0"
  },
  "entries": [
    {
      "name": "Osysharp.Accounts",
      "kind": "package",
      "version": "1.0.1",
      "hash": "sha256:f7e4103a4235c3512a463015e750632d910fd8cb4255afcf4cd7edbcae253812",
      "minPlatform": "0.9.0",
      "shadow": "app-forkable",
      "source": "github:osysharp/accounts@v1.0.1",
      "constraint": "1"
    },
    {
      "name": "Osysharp.Identity",
      "kind": "package",
      "version": "0.8.0",
      "hash": "sha256:7fadb5f2628cfd6895c44d2e88725b39055ea36c3a8276b3b345c72a931f4358",
      "minPlatform": "0.9.0",
      "shadow": "app-forkable",
      "source": "github:osysharp/identity@v0.8.0",
      "constraint": "0"
    },
    {
      "name": "Osysharp.Mail",
      "kind": "package",
      "version": "0.10.0",
      "hash": "sha256:8f40fb4add0b7682298672fd1405173722ac1b587c6739933c5ee92736c01cd9",
      "minPlatform": "0.9.0",
      "shadow": "app-forkable",
      "source": "github:osysharp/mail@v0.10.0",
      "constraint": "0"
    },
    {
      "name": "Osysharp.Workflow",
      "kind": "package",
      "version": "1.0.1",
      "hash": "sha256:9f7ccf1f6dbf22b62e551b015333d41c46431491acd812fb626762531e2a97f8",
      "minPlatform": "0.9.0",
      "shadow": "app-forkable",
      "source": "prewarmed:osysharp/workflow"
    },
    {
      "name": "Osysharp.Sms",
      "kind": "package",
      "version": "0.4.0",
      "hash": "sha256:7c20bbc6cd397f03cbb1840c886d2ba85d64c1ef4a7c2d550c4ab605a3aa6808",
      "minPlatform": "0.9.0",
      "shadow": "app-forkable",
      "source": "github:osysharp/sms@v0.4.0",
      "constraint": "0"
    },
    {
      "name": "Osysharp.EmailTemplates",
      "kind": "package",
      "version": "0.1.2",
      "hash": "sha256:4254f7963a7b43790e4291dc1ccb28c7f24d3f9d52517ea4eb7d5aa99fa4056a",
      "minPlatform": "0.9.0",
      "shadow": "app-forkable",
      "source": "github:osysharp/emailtemplates@v0.1.2",
      "constraint": "0"
    },
    {
      "name": "Osysharp.Ui",
      "kind": "package",
      "version": "2.18.1",
      "hash": "sha256:5dae9b4103cc649967664228cc945c2d8b5bd9ff8d45e62bf9b67d9db079545e",
      "minPlatform": "0.9.0",
      "shadow": "app-forkable",
      "source": "prewarmed:osysharp/ui"
    },
    {
      "name": "Osysharp.Oauth",
      "kind": "package",
      "version": "1.0.1",
      "hash": "sha256:d98224c50ba53098b1df5c853625d4497a785499c40304f481182b31745e0366",
      "minPlatform": "0.9.0",
      "shadow": "app-forkable",
      "source": "prewarmed:osysharp/oauth"
    },
    {
      "name": "Osysharp.Blocks",
      "kind": "package",
      "version": "1.1.1",
      "hash": "sha256:adff0f0485e5da9be0f0cfee0d288ebc7d173f19ce7de90aa40b3019bab1ecaa",
      "minPlatform": "0.9.0",
      "shadow": "app-forkable",
      "source": "prewarmed:osysharp/blocks"
    },
    {
      "name": "Osysharp.Delivery",
      "kind": "package",
      "version": "0.1.0",
      "hash": "sha256:4938c793fe6765bd64250b643f00e8b83fc09cbfed0f16a42052c2446b721f9a",
      "minPlatform": "0.9.0",
      "shadow": "app-forkable",
      "source": "github:osysharp/delivery@v0.1.0",
      "constraint": "0"
    },
    {
      "name": "Osysharp.Http",
      "kind": "package",
      "version": "1.0.0",
      "hash": "sha256:4c24068aeea5ef1a155459d4cc332c85d7ee3d96049f2404e54ac860d94beb0f",
      "minPlatform": "0.9.0",
      "shadow": "app-forkable",
      "source": "prewarmed:osysharp/http"
    },
    {
      "name": "Osysharp.Pages",
      "kind": "package",
      "version": "0.2.0",
      "hash": "sha256:ef0aec82f2be46ed48f9ba0eb986b37199eaacdeb87c48b6abee67e61fcd126f",
      "minPlatform": "0.9.0",
      "shadow": "app-forkable",
      "source": "github:osysharp/pages@v0.2.0",
      "constraint": "0"
    },
    {
      "name": "Osysharp.Storage",
      "kind": "package",
      "version": "1.2.1",
      "hash": "sha256:a344786f4417d7005fb72cb752389bc62ae3e8623fb2cce4b3982fc9b3c7699d",
      "minPlatform": "0.9.0",
      "shadow": "app-forkable",
      "source": "prewarmed:osysharp/storage"
    },
    {
      "name": "Osysharp.Markdown",
      "kind": "package",
      "version": "1.0.0",
      "hash": "sha256:1d3c26de068b57c2124ae395a3c5891cb99cc75f6304028539ccaf458080d225",
      "minPlatform": "0.9.0",
      "shadow": "app-forkable",
      "source": "prewarmed:osysharp/markdown"
    },
    {
      "name": "Osysharp.MarkdownEditor",
      "kind": "package",
      "version": "1.0.2",
      "hash": "sha256:c831a0f188e6fb940361f94eff8bfb45850969c79304392a73d3d68b5b843a52",
      "minPlatform": "0.9.0",
      "shadow": "app-forkable",
      "source": "github:osysharp/markdowneditor@v1.0.2",
      "constraint": "1",
      "contractVersion": "1.1"
    },
    {
      "name": "Osysharp.Payments",
      "kind": "package",
      "version": "0.1.0",
      "hash": "sha256:24c25dc952d65c184b67b1c80f75ee1825e8e4fd6d5417c5e477fa77b5d8fd87",
      "minPlatform": "0.9.0",
      "shadow": "app-forkable",
      "source": "github:osysharp/payments@v0.1.0",
      "constraint": "0"
    },
    {
      "name": "Osysharp.Payments.Klarna",
      "kind": "package",
      "version": "0.1.1",
      "hash": "sha256:74d9d7222fe6c7519b519af958d4fcfcd030cddff62b1a7225a092e567d2fd1d",
      "minPlatform": "0.9.0",
      "shadow": "app-forkable",
      "source": "github:osysharp/payments/klarna@klarna/v0.1.1",
      "constraint": "0"
    },
    {
      "name": "Osysharp.Payments.Stripe",
      "kind": "package",
      "version": "0.1.0",
      "hash": "sha256:f35f733b85ff6192d92058a7b72a7e3660753b04a10ef46c9db5c29727448c50",
      "minPlatform": "0.9.0",
      "shadow": "app-forkable",
      "source": "github:osysharp/payments/stripe@stripe/v0.1.0",
      "constraint": "0"
    },
    {
      "name": "Osysharp.Resend",
      "kind": "package",
      "version": "0.2.0",
      "hash": "sha256:c310c059c71a204e89e3f023c471ee2ce7bf66351ba5a6f17b23ab40ecdfdec9",
      "minPlatform": "0.9.0",
      "shadow": "app-forkable",
      "source": "github:osysharp/resend@v0.2.0",
      "constraint": "0"
    },
    {
      "name": "Osysharp.Seo",
      "kind": "package",
      "version": "0.2.1",
      "hash": "sha256:3af8b4759cdb6f1f8fdcca3b15602514f156311705bacdf84f499ae1b19d0dd1",
      "minPlatform": "0.9.0",
      "shadow": "app-forkable",
      "source": "github:osysharp/seo@v0.2.1",
      "constraint": "0"
    },
    {
      "name": "Osysharp.Shop",
      "kind": "package",
      "version": "1.0.1",
      "hash": "sha256:129f7caed7846e90e47959becde0673a3bff4f691e72f466fd6743367157f2f0",
      "minPlatform": "0.9.0",
      "shadow": "app-forkable",
      "source": "github:osysharp/shop@v1.0.1",
      "constraint": "1"
    },
    {
      "name": "Osysharp.PdfWriter",
      "kind": "package",
      "version": "0.1.0",
      "hash": "sha256:f1779051eb1bc07dbef8065778361473de5162d865a55299dce76d02ec2be865",
      "minPlatform": "0.9.0",
      "shadow": "app-forkable",
      "source": "github:osysharp/pdfwriter@v0.1.0",
      "constraint": "0"
    },
    {
      "name": "Osysharp.Analytics",
      "kind": "package",
      "version": "0.1.1",
      "hash": "sha256:0cf6fffbbac58e5b5f877a51eec0c2a43755db12cf437bba30997e3cfca544ab",
      "minPlatform": "0.9.0",
      "shadow": "app-forkable",
      "source": "github:osysharp/analytics@v0.1.1",
      "constraint": "0",
      "contractVersion": "1.1"
    },
    {
      "name": "Osysharp.Csv",
      "kind": "package",
      "version": "0.1.0",
      "hash": "sha256:1e9cdc7953a3c0b5e0380e844d3cc25c5b65f7145985e499054d7c852c472af5",
      "minPlatform": "0.9.0",
      "shadow": "app-forkable",
      "source": "github:osysharp/csv@v0.1.0",
      "constraint": "0"
    },
    {
      "name": "Osysharp.MailingLists",
      "kind": "package",
      "version": "0.2.1",
      "hash": "sha256:37c2ab7921f26b7d8eecfd817b3a483383260e0ca51e4d9599b14ae1a36aa7ef",
      "minPlatform": "0.9.0",
      "shadow": "app-forkable",
      "source": "github:osysharp/mailinglists@v0.2.1",
      "constraint": "0"
    },
    {
      "name": "Osysharp.Site.Looks",
      "kind": "package",
      "version": "0.1.2",
      "hash": "sha256:c7f1b799c03be497e1adc6ae3a74d24ff15440a20ba20dcb8b66ecf4fbd48ede",
      "minPlatform": "0.9.0",
      "shadow": "app-forkable",
      "source": "github:osysharp/site/looks@looks/v0.1.2",
      "constraint": "0"
    },
    {
      "name": "Osysharp.Shop.Discounts",
      "kind": "package",
      "version": "0.5.1",
      "hash": "sha256:adbfd57300e2a8df5098310d397e800665b39afae6e2d5ca3e567ace47275797",
      "minPlatform": "0.9.0",
      "shadow": "app-forkable",
      "source": "github:osysharp/shop/discounts@discounts/v0.5.1",
      "constraint": "0"
    },
    {
      "name": "Osysharp.Shop.Looks.Fitting",
      "kind": "package",
      "version": "0.2.1",
      "hash": "sha256:826387421a8447dcadd9af92f9ddfa8828d104af33a5c06eac09b7b432ed8e25",
      "minPlatform": "0.9.0",
      "shadow": "app-forkable",
      "source": "github:osysharp/shop/looks/fitting@looks/fitting/v0.2.1",
      "constraint": "0"
    },
    {
      "name": "Osysharp.Shop.Looks.Kiosk",
      "kind": "package",
      "version": "0.2.1",
      "hash": "sha256:07da4420c0ace3258401217c079e765eccaad38f5cc669585ebdb085c0ced882",
      "minPlatform": "0.9.0",
      "shadow": "app-forkable",
      "source": "github:osysharp/shop/looks/kiosk@looks/kiosk/v0.2.1",
      "constraint": "0"
    },
    {
      "name": "Osysharp.Shop.Looks.Loud",
      "kind": "package",
      "version": "0.2.1",
      "hash": "sha256:6746a5f25d07d32b06fdf65907721b2497fed7e047d60dfdd9b5f6f8b6923219",
      "minPlatform": "0.9.0",
      "shadow": "app-forkable",
      "source": "github:osysharp/shop/looks/loud@looks/loud/v0.2.1",
      "constraint": "0"
    },
    {
      "name": "Osysharp.Shop.Looks.Rail",
      "kind": "package",
      "version": "0.2.1",
      "hash": "sha256:2e8de617f105489dde2cfd0406e5fbbb46187db4b0e3806b1b175359126a4b00",
      "minPlatform": "0.9.0",
      "shadow": "app-forkable",
      "source": "github:osysharp/shop/looks/rail@looks/rail/v0.2.1",
      "constraint": "0"
    },
    {
      "name": "Osysharp.Shop.Looks.Swap",
      "kind": "package",
      "version": "0.2.1",
      "hash": "sha256:f2276df57c79ac4ca463d3b1aa818b68f48f3577aaa5bb69498f4c42bdd63925",
      "minPlatform": "0.9.0",
      "shadow": "app-forkable",
      "source": "github:osysharp/shop/looks/swap@looks/swap/v0.2.1",
      "constraint": "0"
    }
  ],
  "fonts": [],
  "bridges": {
    "searched": [
      "workspace",
      "platform",
      "github"
    ],
    "notIncluded": [
      {
        "name": "Osysharp.Privacy.Accounts",
        "reason": "completes Osysharp.Privacy \u002B Osysharp.Accounts, and this app does not use \u0060Osysharp.Privacy\u0060."
      },
      {
        "name": "Osysharp.Shop.BankId",
        "reason": "completes Osysharp.Shop \u002B Osysharp.BankId, and this app does not use \u0060Osysharp.BankId\u0060."
      }
    ]
  }
}